
Microsoft Visual Studio Solution File, Format Version 12.00
# Visual Studio 15
VisualStudioVersion = 15.0.27703.2042
MinimumVisualStudioVersion = 10.0.40219.1
Project("{FAE04EC0-301F-11D3-BF4B-00C04F79EFBC}") = "MyLibrary.Models", "MyLibrary.Models\MyLibrary.Models.csproj", "{61E56906-0327-47C8-9468-395E7CEAAAF1}"
EndProject
Project("{FAE04EC0-301F-11D3-BF4B-00C04F79EFBC}") = "MyLibrary.Data", "MyLibrary.Data\MyLibrary.Data.csproj", "{63AB43A8-A118-4C56-8F14-CACD5312AFEF}"
EndProject
Project("{FAE04EC0-301F-11D3-BF4B-00C04F79EFBC}") = "MyLibrary.Service", "MyLibrary.Service\MyLibrary.Service.csproj", "{CCEEDE10-8C0A-4B82-890F-EEB80F3E85E7}"
EndProject
Project("{FAE04EC0-301F-11D3-BF4B-00C04F79EFBC}") = "MyLibrary.Web", "MyLibrary.Web\MyLibrary.Web.csproj", "{BC53B9F7-E314-4F1A-8B80-926765A3A33D}"
EndProject
Global
	GlobalSection(SolutionConfigurationPlatforms) = preSolution
		Debug|Any CPU = Debug|Any CPU
		Release|Any CPU = Release|Any CPU
	EndGlobalSection
	GlobalSection(ProjectConfigurationPlatforms) = postSolution
		{61E56906-0327-47C8-9468-395E7CEAAAF1}.Debug|Any CPU.ActiveCfg = Debug|Any CPU
		{61E56906-0327-47C8-9468-395E7CEAAAF1}.Debug|Any CPU.Build.0 = Debug|Any CPU
		{61E56906-0327-47C8-9468-395E7CEAAAF1}.Release|Any CPU.ActiveCfg = Release|Any CPU
		{61E56906-0327-47C8-9468-395E7CEAAAF1}.Release|Any CPU.Build.0 = Release|Any CPU
		{63AB43A8-A118-4C56-8F14-CACD5312AFEF}.Debug|Any CPU.ActiveCfg = Debug|Any CPU
		{63AB43A8-A118-4C56-8F14-CACD5312AFEF}.Debug|Any CPU.Build.0 = Debug|Any CPU
		{63AB43A8-A118-4C56-8F14-CACD5312AFEF}.Release|Any CPU.ActiveCfg = Release|Any CPU
		{63AB43A8-A118-4C56-8F14-CACD5312AFEF}.Release|Any CPU.Build.0 = Release|Any CPU
		{CCEEDE10-8C0A-4B82-890F-EEB80F3E85E7}.Debug|Any CPU.ActiveCfg = Debug|Any CPU
		{CCEEDE10-8C0A-4B82-890F-EEB80F3E85E7}.Debug|Any CPU.Build.0 = Debug|Any CPU
		{CCEEDE10-8C0A-4B82-890F-EEB80F3E85E7}.Release|Any CPU.ActiveCfg = Release|Any CPU
		{CCEEDE10-8C0A-4B82-890F-EEB80F3E85E7}.Release|Any CPU.Build.0 = Release|Any CPU
		{BC53B9F7-E314-4F1A-8B80-926765A3A33D}.Debug|Any CPU.ActiveCfg = Debug|Any CPU
		{BC53B9F7-E314-4F1A-8B80-926765A3A33D}.Debug|Any CPU.Build.0 = Debug|Any CPU
		{BC53B9F7-E314-4F1A-8B80-926765A3A33D}.Release|Any CPU.ActiveCfg = Release|Any CPU
		{BC53B9F7-E314-4F1A-8B80-926765A3A33D}.Release|Any CPU.Build.0 = Release|Any CPU
	EndGlobalSection
	GlobalSection(SolutionProperties) = preSolution
		HideSolutionNode = FALSE
	EndGlobalSection
	GlobalSection(ExtensibilityGlobals) = postSolution
		SolutionGuid = {B0500DEF-EDAA-4D8D-9EAB-4C6EC5E38496}
	EndGlobalSection
EndGlobal
